# This file was autogenerated by Stack.
# You should not edit this file by hand.
# For more information, please see the documentation at:
#   https://docs.haskellstack.org/en/stable/lock_files

packages: []
snapshots:
- completed:
    sha256: 8a5b7667f11524d780c5a3207cd604d8fb9304f71170c429d93f0f6d92f076c3
    size: 340295
    url: https://raw.githubusercontent.com/commercialhaskell/stackage-snapshots/master/nightly/2018/10/16.yaml
  original: nightly-2018-10-16
